// !$*UTF8*$!
{
	archiveVersion = 1;
	classes = {
	};
	objectVersion = 55;
	objects = {

/* Begin PBXBuildFile section */
		DF061EEC27A68461007262C6 /* TabBarController.swift in Sources */ = {isa = PBXBuildFile; fileRef = DF061EEB27A68461007262C6 /* TabBarController.swift */; };
		DF061EEE27A68761007262C6 /* Extensions.swift in Sources */ = {isa = PBXBuildFile; fileRef = DF061EED27A68761007262C6 /* Extensions.swift */; };
		DF061EF027A688D0007262C6 /* Settings.swift in Sources */ = {isa = PBXBuildFile; fileRef = DF061EEF27A688D0007262C6 /* Settings.swift */; };
		DF061EF227A689B5007262C6 /* LoadingViewController.swift in Sources */ = {isa = PBXBuildFile; fileRef = DF061EF127A689B4007262C6 /* LoadingViewController.swift */; };
		DF061EF427A68F90007262C6 /* DogBreedCollectionViewDelegate.swift in Sources */ = {isa = PBXBuildFile; fileRef = DF061EF327A68F90007262C6 /* DogBreedCollectionViewDelegate.swift */; };
		DF061EFD27A69DD4007262C6 /* DogBreedSearchController.swift in Sources */ = {isa = PBXBuildFile; fileRef = DF061EFC27A69DD4007262C6 /* DogBreedSearchController.swift */; };
		DF061EFF27A6A944007262C6 /* DogBreedSearchResultsController.swift in Sources */ = {isa = PBXBuildFile; fileRef = DF061EFE27A6A944007262C6 /* DogBreedSearchResultsController.swift */; };
		DF348D8227A5600100CC8494 /* AppDelegate.swift in Sources */ = {isa = PBXBuildFile; fileRef = DF348D8127A5600100CC8494 /* AppDelegate.swift */; };
		DF348D8B27A5600400CC8494 /* Assets.xcassets in Resources */ = {isa = PBXBuildFile; fileRef = DF348D8A27A5600400CC8494 /* Assets.xcassets */; };
		DF348D8E27A5600400CC8494 /* LaunchScreen.storyboard in Resources */ = {isa = PBXBuildFile; fileRef = DF348D8C27A5600400CC8494 /* LaunchScreen.storyboard */; };
		DF348D9E27A563BC00CC8494 /* FavoritesCollectionViewController.swift in Sources */ = {isa = PBXBuildFile; fileRef = DF348D9D27A563BC00CC8494 /* FavoritesCollectionViewController.swift */; };
		DF348DB527A56C7600CC8494 /* Storage.swift in Sources */ = {isa = PBXBuildFile; fileRef = DF348DA527A56C7600CC8494 /* Storage.swift */; };
		DF348DBB27A56C7700CC8494 /* RestClient.swift in Sources */ = {isa = PBXBuildFile; fileRef = DF348DAF27A56C7600CC8494 /* RestClient.swift */; };
		DF348DBC27A56C7700CC8494 /* HTTPStatus.swift in Sources */ = {isa = PBXBuildFile; fileRef = DF348DB027A56C7600CC8494 /* HTTPStatus.swift */; };
		DF348DC327A56F4300CC8494 /* DogServiceApi.swift in Sources */ = {isa = PBXBuildFile; fileRef = DF348DC227A56F4300CC8494 /* DogServiceApi.swift */; };
		DF348DC627A56FEA00CC8494 /* DogBreeds.swift in Sources */ = {isa = PBXBuildFile; fileRef = DF348DC527A56FEA00CC8494 /* DogBreeds.swift */; };
		DF348DCE27A5725000CC8494 /* SearchTableViewController.swift in Sources */ = {isa = PBXBuildFile; fileRef = DF348DCD27A5725000CC8494 /* SearchTableViewController.swift */; };
		DF348DD027A578FB00CC8494 /* SearchTableViewDelegate.swift in Sources */ = {isa = PBXBuildFile; fileRef = DF348DCF27A578FB00CC8494 /* SearchTableViewDelegate.swift */; };
		DF348DD527A5821100CC8494 /* DogBreedCollectionViewController.swift in Sources */ = {isa = PBXBuildFile; fileRef = DF348DD427A5821100CC8494 /* DogBreedCollectionViewController.swift */; };
		DF348DD727A5842F00CC8494 /* DogBreedImages.swift in Sources */ = {isa = PBXBuildFile; fileRef = DF348DD627A5842F00CC8494 /* DogBreedImages.swift */; };
		DF348DDA27A59ABB00CC8494 /* DogImageCardViewCell.swift in Sources */ = {isa = PBXBuildFile; fileRef = DF348DD927A59ABB00CC8494 /* DogImageCardViewCell.swift */; };
		DF348DDF27A5AB3D00CC8494 /* DogImageCardViewDelegate.swift in Sources */ = {isa = PBXBuildFile; fileRef = DF348DDE27A5AB3D00CC8494 /* DogImageCardViewDelegate.swift */; };
		DF348DE127A5B0D400CC8494 /* DogImage.swift in Sources */ = {isa = PBXBuildFile; fileRef = DF348DE027A5B0D400CC8494 /* DogImage.swift */; };
		DF348DE327A5B6A200CC8494 /* DogImageCardLabel.swift in Sources */ = {isa = PBXBuildFile; fileRef = DF348DE227A5B6A200CC8494 /* DogImageCardLabel.swift */; };
/* End PBXBuildFile section */

/* Begin PBXFileReference section */
		DF061EEB27A68461007262C6 /* TabBarController.swift */ = {isa = PBXFileReference; lastKnownFileType = sourcecode.swift; path = TabBarController.swift; sourceTree = "<group>"; };
		DF061EED27A68761007262C6 /* Extensions.swift */ = {isa = PBXFileReference; lastKnownFileType = sourcecode.swift; path = Extensions.swift; sourceTree = "<group>"; };
		DF061EEF27A688D0007262C6 /* Settings.swift */ = {isa = PBXFileReference; lastKnownFileType = sourcecode.swift; path = Settings.swift; sourceTree = "<group>"; };
		DF061EF127A689B4007262C6 /* LoadingViewController.swift */ = {isa = PBXFileReference; lastKnownFileType = sourcecode.swift; path = LoadingViewController.swift; sourceTree = "<group>"; };
		DF061EF327A68F90007262C6 /* DogBreedCollectionViewDelegate.swift */ = {isa = PBXFileReference; lastKnownFileType = sourcecode.swift; path = DogBreedCollectionViewDelegate.swift; sourceTree = "<group>"; };
		DF061EFC27A69DD4007262C6 /* DogBreedSearchController.swift */ = {isa = PBXFileReference; lastKnownFileType = sourcecode.swift; path = DogBreedSearchController.swift; sourceTree = "<group>"; };
		DF061EFE27A6A944007262C6 /* DogBreedSearchResultsController.swift */ = {isa = PBXFileReference; lastKnownFileType = sourcecode.swift; path = DogBreedSearchResultsController.swift; sourceTree = "<group>"; };
		DF348D7E27A5600100CC8494 /* Dog Breeds.app */ = {isa = PBXFileReference; explicitFileType = wrapper.application; includeInIndex = 0; path = "Dog Breeds.app"; sourceTree = BUILT_PRODUCTS_DIR; };
		DF348D8127A5600100CC8494 /* AppDelegate.swift */ = {isa = PBXFileReference; lastKnownFileType = sourcecode.swift; path = AppDelegate.swift; sourceTree = "<group>"; };
		DF348D8A27A5600400CC8494 /* Assets.xcassets */ = {isa = PBXFileReference; lastKnownFileType = folder.assetcatalog; path = Assets.xcassets; sourceTree = "<group>"; };
		DF348D8D27A5600400CC8494 /* Base */ = {isa = PBXFileReference; lastKnownFileType = file.storyboard; name = Base; path = Base.lproj/LaunchScreen.storyboard; sourceTree = "<group>"; };
		DF348D8F27A5600400CC8494 /* Info.plist */ = {isa = PBXFileReference; lastKnownFileType = text.plist.xml; path = Info.plist; sourceTree = "<group>"; };
		DF348D9D27A563BC00CC8494 /* FavoritesCollectionViewController.swift */ = {isa = PBXFileReference; lastKnownFileType = sourcecode.swift; path = FavoritesCollectionViewController.swift; sourceTree = "<group>"; };
		DF348DA527A56C7600CC8494 /* Storage.swift */ = {isa = PBXFileReference; fileEncoding = 4; lastKnownFileType = sourcecode.swift; path = Storage.swift; sourceTree = "<group>"; };
		DF348DAF27A56C7600CC8494 /* RestClient.swift */ = {isa = PBXFileReference; fileEncoding = 4; lastKnownFileType = sourcecode.swift; path = RestClient.swift; sourceTree = "<group>"; };
		DF348DB027A56C7600CC8494 /* HTTPStatus.swift */ = {isa = PBXFileReference; fileEncoding = 4; lastKnownFileType = sourcecode.swift; path = HTTPStatus.swift; sourceTree = "<group>"; };
		DF348DC227A56F4300CC8494 /* DogServiceApi.swift */ = {isa = PBXFileReference; lastKnownFileType = sourcecode.swift; path = DogServiceApi.swift; sourceTree = "<group>"; };
		DF348DC527A56FEA00CC8494 /* DogBreeds.swift */ = {isa = PBXFileReference; lastKnownFileType = sourcecode.swift; path = DogBreeds.swift; sourceTree = "<group>"; };
		DF348DCD27A5725000CC8494 /* SearchTableViewController.swift */ = {isa = PBXFileReference; lastKnownFileType = sourcecode.swift; path = SearchTableViewController.swift; sourceTree = "<group>"; };
		DF348DCF27A578FB00CC8494 /* SearchTableViewDelegate.swift */ = {isa = PBXFileReference; lastKnownFileType = sourcecode.swift; path = SearchTableViewDelegate.swift; sourceTree = "<group>"; };
		DF348DD427A5821100CC8494 /* DogBreedCollectionViewController.swift */ = {isa = PBXFileReference; lastKnownFileType = sourcecode.swift; path = DogBreedCollectionViewController.swift; sourceTree = "<group>"; };
		DF348DD627A5842F00CC8494 /* DogBreedImages.swift */ = {isa = PBXFileReference; lastKnownFileType = sourcecode.swift; path = DogBreedImages.swift; sourceTree = "<group>"; };
		DF348DD927A59ABB00CC8494 /* DogImageCardViewCell.swift */ = {isa = PBXFileReference; lastKnownFileType = sourcecode.swift; path = DogImageCardViewCell.swift; sourceTree = "<group>"; };
		DF348DDE27A5AB3D00CC8494 /* DogImageCardViewDelegate.swift */ = {isa = PBXFileReference; lastKnownFileType = sourcecode.swift; path = DogImageCardViewDelegate.swift; sourceTree = "<group>"; };
		DF348DE027A5B0D400CC8494 /* DogImage.swift */ = {isa = PBXFileReference; lastKnownFileType = sourcecode.swift; path = DogImage.swift; sourceTree = "<group>"; };
		DF348DE227A5B6A200CC8494 /* DogImageCardLabel.swift */ = {isa = PBXFileReference; lastKnownFileType = sourcecode.swift; path = DogImageCardLabel.swift; sourceTree = "<group>"; };
/* End PBXFileReference section */

/* Begin PBXFrameworksBuildPhase section */
		DF348D7B27A5600100CC8494 /* Frameworks */ = {
			isa = PBXFrameworksBuildPhase;
			buildActionMask = 2147483647;
			files = (
			);
			runOnlyForDeploymentPostprocessing = 0;
		};
/* End PBXFrameworksBuildPhase section */

/* Begin PBXGroup section */
		DF061F0027A6A958007262C6 /* DogBreedSearchController */ = {
			isa = PBXGroup;
			children = (
				DF061EFC27A69DD4007262C6 /* DogBreedSearchController.swift */,
				DF061EFE27A6A944007262C6 /* DogBreedSearchResultsController.swift */,
			);
			path = DogBreedSearchController;
			sourceTree = "<group>";
		};
		DF348D7527A5600100CC8494 = {
			isa = PBXGroup;
			children = (
				DF348D8027A5600100CC8494 /* Dog Breeds */,
				DF348D7F27A5600100CC8494 /* Products */,
			);
			sourceTree = "<group>";
		};
		DF348D7F27A5600100CC8494 /* Products */ = {
			isa = PBXGroup;
			children = (
				DF348D7E27A5600100CC8494 /* Dog Breeds.app */,
			);
			name = Products;
			sourceTree = "<group>";
		};
		DF348D8027A5600100CC8494 /* Dog Breeds */ = {
			isa = PBXGroup;
			children = (
				DF348DD827A59A8200CC8494 /* UIComponents */,
				DF348DC427A56FDF00CC8494 /* Models */,
				DF348DC127A56F3300CC8494 /* Services */,
				DF348DA427A56C7600CC8494 /* Utilities */,
				DF348D9727A5627E00CC8494 /* ViewControllers */,
				DF348D8127A5600100CC8494 /* AppDelegate.swift */,
				DF348D8F27A5600400CC8494 /* Info.plist */,
				DF348DA127A563D600CC8494 /* Resources */,
			);
			path = "Dog Breeds";
			sourceTree = "<group>";
		};
		DF348D9727A5627E00CC8494 /* ViewControllers */ = {
			isa = PBXGroup;
			children = (
				DF348D9827A5628900CC8494 /* Search */,
				DF348D9C27A562D500CC8494 /* DogBreed */,
				DF348D9B27A562BD00CC8494 /* Favorites */,
			);
			path = ViewControllers;
			sourceTree = "<group>";
		};
		DF348D9827A5628900CC8494 /* Search */ = {
			isa = PBXGroup;
			children = (
				DF348DCD27A5725000CC8494 /* SearchTableViewController.swift */,
				DF348DCF27A578FB00CC8494 /* SearchTableViewDelegate.swift */,
			);
			path = Search;
			sourceTree = "<group>";
		};
		DF348D9B27A562BD00CC8494 /* Favorites */ = {
			isa = PBXGroup;
			children = (
				DF348D9D27A563BC00CC8494 /* FavoritesCollectionViewController.swift */,
			);
			path = Favorites;
			sourceTree = "<group>";
		};
		DF348D9C27A562D500CC8494 /* DogBreed */ = {
			isa = PBXGroup;
			children = (
				DF348DD427A5821100CC8494 /* DogBreedCollectionViewController.swift */,
				DF061EF327A68F90007262C6 /* DogBreedCollectionViewDelegate.swift */,
			);
			path = DogBreed;
			sourceTree = "<group>";
		};
		DF348DA127A563D600CC8494 /* Resources */ = {
			isa = PBXGroup;
			children = (
				DF348D8A27A5600400CC8494 /* Assets.xcassets */,
				DF348D8C27A5600400CC8494 /* LaunchScreen.storyboard */,
			);
			path = Resources;
			sourceTree = "<group>";
		};
		DF348DA427A56C7600CC8494 /* Utilities */ = {
			isa = PBXGroup;
			children = (
				DF348DAD27A56C7600CC8494 /* RestClient */,
				DF061EED27A68761007262C6 /* Extensions.swift */,
				DF061EEF27A688D0007262C6 /* Settings.swift */,
				DF348DA527A56C7600CC8494 /* Storage.swift */,
			);
			path = Utilities;
			sourceTree = "<group>";
		};
		DF348DAD27A56C7600CC8494 /* RestClient */ = {
			isa = PBXGroup;
			children = (
				DF348DB027A56C7600CC8494 /* HTTPStatus.swift */,
				DF348DAF27A56C7600CC8494 /* RestClient.swift */,
			);
			path = RestClient;
			sourceTree = "<group>";
		};
		DF348DC127A56F3300CC8494 /* Services */ = {
			isa = PBXGroup;
			children = (
				DF348DC227A56F4300CC8494 /* DogServiceApi.swift */,
			);
			path = Services;
			sourceTree = "<group>";
		};
		DF348DC427A56FDF00CC8494 /* Models */ = {
			isa = PBXGroup;
			children = (
				DF348DC527A56FEA00CC8494 /* DogBreeds.swift */,
				DF348DD627A5842F00CC8494 /* DogBreedImages.swift */,
				DF348DE027A5B0D400CC8494 /* DogImage.swift */,
			);
			path = Models;
			sourceTree = "<group>";
		};
		DF348DD827A59A8200CC8494 /* UIComponents */ = {
			isa = PBXGroup;
			children = (
				DF061F0027A6A958007262C6 /* DogBreedSearchController */,
				DF348DDB27A5A6AC00CC8494 /* DogImageCard */,
				DF061EF127A689B4007262C6 /* LoadingViewController.swift */,
				DF061EEB27A68461007262C6 /* TabBarController.swift */,
			);
			path = UIComponents;
			sourceTree = "<group>";
		};
		DF348DDB27A5A6AC00CC8494 /* DogImageCard */ = {
			isa = PBXGroup;
			children = (
				DF348DE227A5B6A200CC8494 /* DogImageCardLabel.swift */,
				DF348DD927A59ABB00CC8494 /* DogImageCardViewCell.swift */,
				DF348DDE27A5AB3D00CC8494 /* DogImageCardViewDelegate.swift */,
			);
			path = DogImageCard;
			sourceTree = "<group>";
		};
/* End PBXGroup section */

/* Begin PBXNativeTarget section */
		DF348D7D27A5600100CC8494 /* Dog Breeds */ = {
			isa = PBXNativeTarget;
			buildConfigurationList = DF348D9227A5600400CC8494 /* Build configuration list for PBXNativeTarget "Dog Breeds" */;
			buildPhases = (
				DF348D7A27A5600100CC8494 /* Sources */,
				DF348D7B27A5600100CC8494 /* Frameworks */,
				DF348D7C27A5600100CC8494 /* Resources */,
			);
			buildRules = (
			);
			dependencies = (
			);
			name = "Dog Breeds";
			productName = "Dog Breeds";
			productReference = DF348D7E27A5600100CC8494 /* Dog Breeds.app */;
			productType = "com.apple.product-type.application";
		};
/* End PBXNativeTarget section */

/* Begin PBXProject section */
		DF348D7627A5600100CC8494 /* Project object */ = {
			isa = PBXProject;
			attributes = {
				BuildIndependentTargetsInParallel = 1;
				LastSwiftUpdateCheck = 1320;
				LastUpgradeCheck = 1320;
				TargetAttributes = {
					DF348D7D27A5600100CC8494 = {
						CreatedOnToolsVersion = 13.2.1;
					};
				};
			};
			buildConfigurationList = DF348D7927A5600100CC8494 /* Build configuration list for PBXProject "Dog Breeds" */;
			compatibilityVersion = "Xcode 13.0";
			developmentRegion = en;
			hasScannedForEncodings = 0;
			knownRegions = (
				en,
				Base,
			);
			mainGroup = DF348D7527A5600100CC8494;
			productRefGroup = DF348D7F27A5600100CC8494 /* Products */;
			projectDirPath = "";
			projectRoot = "";
			targets = (
				DF348D7D27A5600100CC8494 /* Dog Breeds */,
			);
		};
/* End PBXProject section */

/* Begin PBXResourcesBuildPhase section */
		DF348D7C27A5600100CC8494 /* Resources */ = {
			isa = PBXResourcesBuildPhase;
			buildActionMask = 2147483647;
			files = (
				DF348D8E27A5600400CC8494 /* LaunchScreen.storyboard in Resources */,
				DF348D8B27A5600400CC8494 /* Assets.xcassets in Resources */,
			);
			runOnlyForDeploymentPostprocessing = 0;
		};
/* End PBXResourcesBuildPhase section */

/* Begin PBXSourcesBuildPhase section */
		DF348D7A27A5600100CC8494 /* Sources */ = {
			isa = PBXSourcesBuildPhase;
			buildActionMask = 2147483647;
			files = (
				DF348DE127A5B0D400CC8494 /* DogImage.swift in Sources */,
				DF061EEE27A68761007262C6 /* Extensions.swift in Sources */,
				DF348D8227A5600100CC8494 /* AppDelegate.swift in Sources */,
				DF348D9E27A563BC00CC8494 /* FavoritesCollectionViewController.swift in Sources */,
				DF348DC627A56FEA00CC8494 /* DogBreeds.swift in Sources */,
				DF348DD027A578FB00CC8494 /* SearchTableViewDelegate.swift in Sources */,
				DF061EF427A68F90007262C6 /* DogBreedCollectionViewDelegate.swift in Sources */,
				DF348DBB27A56C7700CC8494 /* RestClient.swift in Sources */,
				DF061EFF27A6A944007262C6 /* DogBreedSearchResultsController.swift in Sources */,
				DF061EF227A689B5007262C6 /* LoadingViewController.swift in Sources */,
				DF061EEC27A68461007262C6 /* TabBarController.swift in Sources */,
				DF348DDA27A59ABB00CC8494 /* DogImageCardViewCell.swift in Sources */,
				DF348DBC27A56C7700CC8494 /* HTTPStatus.swift in Sources */,
				DF348DE327A5B6A200CC8494 /* DogImageCardLabel.swift in Sources */,
				DF348DD527A5821100CC8494 /* DogBreedCollectionViewController.swift in Sources */,
				DF348DCE27A5725000CC8494 /* SearchTableViewController.swift in Sources */,
				DF348DDF27A5AB3D00CC8494 /* DogImageCardViewDelegate.swift in Sources */,
				DF348DD727A5842F00CC8494 /* DogBreedImages.swift in Sources */,
				DF061EFD27A69DD4007262C6 /* DogBreedSearchController.swift in Sources */,
				DF348DB527A56C7600CC8494 /* Storage.swift in Sources */,
				DF348DC327A56F4300CC8494 /* DogServiceApi.swift in Sources */,
				DF061EF027A688D0007262C6 /* Settings.swift in Sources */,
			);
			runOnlyForDeploymentPostprocessing = 0;
		};
/* End PBXSourcesBuildPhase section */

/* Begin PBXVariantGroup section */
		DF348D8C27A5600400CC8494 /* LaunchScreen.storyboard */ = {
			isa = PBXVariantGroup;
			children = (
				DF348D8D27A5600400CC8494 /* Base */,
			);
			name = LaunchScreen.storyboard;
			sourceTree = "<group>";
		};
/* End PBXVariantGroup section */

/* Begin XCBuildConfiguration section */
		DF348D9027A5600400CC8494 /* Debug */ = {
			isa = XCBuildConfiguration;
			buildSettings = {
				ALWAYS_SEARCH_USER_PATHS = NO;
				CLANG_ANALYZER_NONNULL = YES;
				CLANG_ANALYZER_NUMBER_OBJECT_CONVERSION = YES_AGGRESSIVE;
				CLANG_CXX_LANGUAGE_STANDARD = "gnu++17";
				CLANG_CXX_LIBRARY = "libc++";
				CLANG_ENABLE_MODULES = YES;
				CLANG_ENABLE_OBJC_ARC = YES;
				CLANG_ENABLE_OBJC_WEAK = YES;
				CLANG_WARN_BLOCK_CAPTURE_AUTORELEASING = YES;
				CLANG_WARN_BOOL_CONVERSION = YES;
				CLANG_WARN_COMMA = YES;
				CLANG_WARN_CONSTANT_CONVERSION = YES;
				CLANG_WARN_DEPRECATED_OBJC_IMPLEMENTATIONS = YES;
				CLANG_WARN_DIRECT_OBJC_ISA_USAGE = YES_ERROR;
				CLANG_WARN_DOCUMENTATION_COMMENTS = YES;
				CLANG_WARN_EMPTY_BODY = YES;
				CLANG_WARN_ENUM_CONVERSION = YES;
				CLANG_WARN_INFINITE_RECURSION = YES;
				CLANG_WARN_INT_CONVERSION = YES;
				CLANG_WARN_NON_LITERAL_NULL_CONVERSION = YES;
				CLANG_WARN_OBJC_IMPLICIT_RETAIN_SELF = YES;
				CLANG_WARN_OBJC_LITERAL_CONVERSION = YES;
				CLANG_WARN_OBJC_ROOT_CLASS = YES_ERROR;
				CLANG_WARN_QUOTED_INCLUDE_IN_FRAMEWORK_HEADER = YES;
				CLANG_WARN_RANGE_LOOP_ANALYSIS = YES;
				CLANG_WARN_STRICT_PROTOTYPES = YES;
				CLANG_WARN_SUSPICIOUS_MOVE = YES;
				CLANG_WARN_UNGUARDED_AVAILABILITY = YES_AGGRESSIVE;
				CLANG_WARN_UNREACHABLE_CODE = YES;
				CLANG_WARN__DUPLICATE_METHOD_MATCH = YES;
				COPY_PHASE_STRIP = NO;
				DEBUG_INFORMATION_FORMAT = dwarf;
				ENABLE_STRICT_OBJC_MSGSEND = YES;
				ENABLE_TESTABILITY = YES;
				GCC_C_LANGUAGE_STANDARD = gnu11;
				GCC_DYNAMIC_NO_PIC = NO;
				GCC_NO_COMMON_BLOCKS = YES;
				GCC_OPTIMIZATION_LEVEL = 0;
				GCC_PREPROCESSOR_DEFINITIONS = (
					"DEBUG=1",
					"$(inherited)",
				);
				GCC_WARN_64_TO_32_BIT_CONVERSION = YES;
				GCC_WARN_ABOUT_RETURN_TYPE = YES_ERROR;
				GCC_WARN_UNDECLARED_SELECTOR = YES;
				GCC_WARN_UNINITIALIZED_AUTOS = YES_AGGRESSIVE;
				GCC_WARN_UNUSED_FUNCTION = YES;
				GCC_WARN_UNUSED_VARIABLE = YES;
				IPHONEOS_DEPLOYMENT_TARGET = 13.0;
				MTL_ENABLE_DEBUG_INFO = INCLUDE_SOURCE;
				MTL_FAST_MATH = YES;
				ONLY_ACTIVE_ARCH = YES;
				SDKROOT = iphoneos;
				SWIFT_ACTIVE_COMPILATION_CONDITIONS = DEBUG;
				SWIFT_OPTIMIZATION_LEVEL = "-Onone";
			};
			name = Debug;
		};
		DF348D9127A5600400CC8494 /* Release */ = {
			isa = XCBuildConfiguration;
			buildSettings = {
				ALWAYS_SEARCH_USER_PATHS = NO;
				CLANG_ANALYZER_NONNULL = YES;
				CLANG_ANALYZER_NUMBER_OBJECT_CONVERSION = YES_AGGRESSIVE;
				CLANG_CXX_LANGUAGE_STANDARD = "gnu++17";
				CLANG_CXX_LIBRARY = "libc++";
				CLANG_ENABLE_MODULES = YES;
				CLANG_ENABLE_OBJC_ARC = YES;
				CLANG_ENABLE_OBJC_WEAK = YES;
				CLANG_WARN_BLOCK_CAPTURE_AUTORELEASING = YES;
				CLANG_WARN_BOOL_CONVERSION = YES;
				CLANG_WARN_COMMA = YES;
				CLANG_WARN_CONSTANT_CONVERSION = YES;
				CLANG_WARN_DEPRECATED_OBJC_IMPLEMENTATIONS = YES;
				CLANG_WARN_DIRECT_OBJC_ISA_USAGE = YES_ERROR;
				CLANG_WARN_DOCUMENTATION_COMMENTS = YES;
				CLANG_WARN_EMPTY_BODY = YES;
				CLANG_WARN_ENUM_CONVERSION = YES;
				CLANG_WARN_INFINITE_RECURSION = YES;
				CLANG_WARN_INT_CONVERSION = YES;
				CLANG_WARN_NON_LITERAL_NULL_CONVERSION = YES;
				CLANG_WARN_OBJC_IMPLICIT_RETAIN_SELF = YES;
				CLANG_WARN_OBJC_LITERAL_CONVERSION = YES;
				CLANG_WARN_OBJC_ROOT_CLASS = YES_ERROR;
				CLANG_WARN_QUOTED_INCLUDE_IN_FRAMEWORK_HEADER = YES;
				CLANG_WARN_RANGE_LOOP_ANALYSIS = YES;
				CLANG_WARN_STRICT_PROTOTYPES = YES;
				CLANG_WARN_SUSPICIOUS_MOVE = YES;
				CLANG_WARN_UNGUARDED_AVAILABILITY = YES_AGGRESSIVE;
				CLANG_WARN_UNREACHABLE_CODE = YES;
				CLANG_WARN__DUPLICATE_METHOD_MATCH = YES;
				COPY_PHASE_STRIP = NO;
				DEBUG_INFORMATION_FORMAT = "dwarf-with-dsym";
				ENABLE_NS_ASSERTIONS = NO;
				ENABLE_STRICT_OBJC_MSGSEND = YES;
				GCC_C_LANGUAGE_STANDARD = gnu11;
				GCC_NO_COMMON_BLOCKS = YES;
				GCC_WARN_64_TO_32_BIT_CONVERSION = YES;
				GCC_WARN_ABOUT_RETURN_TYPE = YES_ERROR;
				GCC_WARN_UNDECLARED_SELECTOR = YES;
				GCC_WARN_UNINITIALIZED_AUTOS = YES_AGGRESSIVE;
				GCC_WARN_UNUSED_FUNCTION = YES;
				GCC_WARN_UNUSED_VARIABLE = YES;
				IPHONEOS_DEPLOYMENT_TARGET = 13.0;
				MTL_ENABLE_DEBUG_INFO = NO;
				MTL_FAST_MATH = YES;
				SDKROOT = iphoneos;
				SWIFT_COMPILATION_MODE = wholemodule;
				SWIFT_OPTIMIZATION_LEVEL = "-O";
				VALIDATE_PRODUCT = YES;
			};
			name = Release;
		};
		DF348D9327A5600400CC8494 /* Debug */ = {
			isa = XCBuildConfiguration;
			buildSettings = {
				ASSETCATALOG_COMPILER_APPICON_NAME = AppIcon;
				CODE_SIGN_STYLE = Automatic;
				CURRENT_PROJECT_VERSION = 1;
				INFOPLIST_FILE = "Dog Breeds/Info.plist";
				LD_RUNPATH_SEARCH_PATHS = (
					"$(inherited)",
					"@executable_path/Frameworks",
				);
				MARKETING_VERSION = 1.0;
				PRODUCT_BUNDLE_IDENTIFIER = com.allegra.dogbreeds;
				PRODUCT_NAME = "$(TARGET_NAME)";
				SWIFT_VERSION = 5.0;
				TARGETED_DEVICE_FAMILY = "1,2";
			};
			name = Debug;
		};
		DF348D9427A5600400CC8494 /* Release */ = {
			isa = XCBuildConfiguration;
			buildSettings = {
				ASSETCATALOG_COMPILER_APPICON_NAME = AppIcon;
				CODE_SIGN_STYLE = Automatic;
				CURRENT_PROJECT_VERSION = 1;
				INFOPLIST_FILE = "Dog Breeds/Info.plist";
				LD_RUNPATH_SEARCH_PATHS = (
					"$(inherited)",
					"@executable_path/Frameworks",
				);
				MARKETING_VERSION = 1.0;
				PRODUCT_BUNDLE_IDENTIFIER = com.allegra.dogbreeds;
				PRODUCT_NAME = "$(TARGET_NAME)";
				SWIFT_VERSION = 5.0;
				TARGETED_DEVICE_FAMILY = "1,2";
			};
			name = Release;
		};
/* End XCBuildConfiguration section */

/* Begin XCConfigurationList section */
		DF348D7927A5600100CC8494 /* Build configuration list for PBXProject "Dog Breeds" */ = {
			isa = XCConfigurationList;
			buildConfigurations = (
				DF348D9027A5600400CC8494 /* Debug */,
				DF348D9127A5600400CC8494 /* Release */,
			);
			defaultConfigurationIsVisible = 0;
			defaultConfigurationName = Release;
		};
		DF348D9227A5600400CC8494 /* Build configuration list for PBXNativeTarget "Dog Breeds" */ = {
			isa = XCConfigurationList;
			buildConfigurations = (
				DF348D9327A5600400CC8494 /* Debug */,
				DF348D9427A5600400CC8494 /* Release */,
			);
			defaultConfigurationIsVisible = 0;
			defaultConfigurationName = Release;
		};
/* End XCConfigurationList section */
	};
	rootObject = DF348D7627A5600100CC8494 /* Project object */;
}
